
Microsoft Visual Studio Solution File, Format Version 12.00
# Visual Studio Version 16
VisualStudioVersion = 16.0.30212.188
MinimumVisualStudioVersion = 10.0.40219.1
Project("{FAE04EC0-301F-11D3-BF4B-00C04F79EFBC}") = "FunctionOnGit", "FunctionOnGit\FunctionOnGit.csproj", "{5B07495A-4315-4A0A-A8E8-1D23308AC578}"
EndProject
Global
	GlobalSection(SolutionConfigurationPlatforms) = preSolution
		Debug|Any CPU = Debug|Any CPU
		Release|Any CPU = Release|Any CPU
	EndGlobalSection
	GlobalSection(ProjectConfigurationPlatforms) = postSolution
		{5B07495A-4315-4A0A-A8E8-1D23308AC578}.Debug|Any CPU.ActiveCfg = Debug|Any CPU
		{5B07495A-4315-4A0A-A8E8-1D23308AC578}.Debug|Any CPU.Build.0 = Debug|Any CPU
		{5B07495A-4315-4A0A-A8E8-1D23308AC578}.Release|Any CPU.ActiveCfg = Release|Any CPU
		{5B07495A-4315-4A0A-A8E8-1D23308AC578}.Release|Any CPU.Build.0 = Release|Any CPU
	EndGlobalSection
	GlobalSection(SolutionProperties) = preSolution
		HideSolutionNode = FALSE
	EndGlobalSection
	GlobalSection(ExtensibilityGlobals) = postSolution
		SolutionGuid = {36D8BFD1-E879-4D0F-BBE0-0D37011F3628}
	EndGlobalSection
EndGlobal
